
Microsoft Visual Studio Solution File, Format Version 11.00
# Visual C# Express 2010
Project("{FAE04EC0-301F-11D3-BF4B-00C04F79EFBC}") = "MicrosoftTranslator", "MicrosoftTranslator\MicrosoftTranslator.csproj", "{B508F25E-692F-4F64-8584-63C63499DACF}"
EndProject
Global
	GlobalSection(SolutionConfigurationPlatforms) = preSolution
		Debug|x86 = Debug|x86
		Release|x86 = Release|x86
	EndGlobalSection
	GlobalSection(ProjectConfigurationPlatforms) = postSolution
		{B508F25E-692F-4F64-8584-63C63499DACF}.Debug|x86.ActiveCfg = Debug|x86
		{B508F25E-692F-4F64-8584-63C63499DACF}.Debug|x86.Build.0 = Debug|x86
		{B508F25E-692F-4F64-8584-63C63499DACF}.Release|x86.ActiveCfg = Release|x86
		{B508F25E-692F-4F64-8584-63C63499DACF}.Release|x86.Build.0 = Release|x86
	EndGlobalSection
	GlobalSection(SolutionProperties) = preSolution
		HideSolutionNode = FALSE
	EndGlobalSection
EndGlobal
